
Microsoft Visual Studio Solution File, Format Version 12.00
# Visual Studio Version 16
VisualStudioVersion = 16.0.29424.173
MinimumVisualStudioVersion = 10.0.40219.1
Project("{2150E333-8FDC-42A3-9474-1A3956D46DE8}") = "src", "src", "{86E90A93-A315-40B3-9DAB-0867689DAD66}"
EndProject
Project("{2150E333-8FDC-42A3-9474-1A3956D46DE8}") = "test", "test", "{BC52995E-7B30-46F8-9C15-9450F770E0A5}"
EndProject
Project("{FAE04EC0-301F-11D3-BF4B-00C04F79EFBC}") = "Demo.Exchange.Api", "src\Demo.Exchange.Api\Demo.Exchange.Api.csproj", "{901DA050-059D-4F50-98EC-90690FB8DF2B}"
EndProject
Project("{FAE04EC0-301F-11D3-BF4B-00C04F79EFBC}") = "Demo.Exchange.UnitTest", "test\Demo.Exchange.UnitTest\Demo.Exchange.UnitTest.csproj", "{6F5744F0-2880-4A7E-9893-BCEF82F2B8EA}"
EndProject
Project("{2150E333-8FDC-42A3-9474-1A3956D46DE8}") = "Solution Items", "Solution Items", "{EDC3700B-2B4A-4F33-8867-0D333C3BDAA3}"
	ProjectSection(SolutionItems) = preProject
		.gitignore = .gitignore
	EndProjectSection
EndProject
Project("{E53339B2-1760-4266-BCC7-CA923CBCF16C}") = "docker-compose", "docker-compose.dcproj", "{884CA048-A28E-4A39-87F0-58F6FE422E91}"
EndProject
Global
	GlobalSection(SolutionConfigurationPlatforms) = preSolution
		Debug|Any CPU = Debug|Any CPU
		Release|Any CPU = Release|Any CPU
	EndGlobalSection
	GlobalSection(ProjectConfigurationPlatforms) = postSolution
		{901DA050-059D-4F50-98EC-90690FB8DF2B}.Debug|Any CPU.ActiveCfg = Debug|Any CPU
		{901DA050-059D-4F50-98EC-90690FB8DF2B}.Debug|Any CPU.Build.0 = Debug|Any CPU
		{901DA050-059D-4F50-98EC-90690FB8DF2B}.Release|Any CPU.ActiveCfg = Release|Any CPU
		{901DA050-059D-4F50-98EC-90690FB8DF2B}.Release|Any CPU.Build.0 = Release|Any CPU
		{6F5744F0-2880-4A7E-9893-BCEF82F2B8EA}.Debug|Any CPU.ActiveCfg = Debug|Any CPU
		{6F5744F0-2880-4A7E-9893-BCEF82F2B8EA}.Debug|Any CPU.Build.0 = Debug|Any CPU
		{6F5744F0-2880-4A7E-9893-BCEF82F2B8EA}.Release|Any CPU.ActiveCfg = Release|Any CPU
		{6F5744F0-2880-4A7E-9893-BCEF82F2B8EA}.Release|Any CPU.Build.0 = Release|Any CPU
		{884CA048-A28E-4A39-87F0-58F6FE422E91}.Debug|Any CPU.ActiveCfg = Debug|Any CPU
		{884CA048-A28E-4A39-87F0-58F6FE422E91}.Debug|Any CPU.Build.0 = Debug|Any CPU
		{884CA048-A28E-4A39-87F0-58F6FE422E91}.Release|Any CPU.ActiveCfg = Release|Any CPU
		{884CA048-A28E-4A39-87F0-58F6FE422E91}.Release|Any CPU.Build.0 = Release|Any CPU
	EndGlobalSection
	GlobalSection(SolutionProperties) = preSolution
		HideSolutionNode = FALSE
	EndGlobalSection
	GlobalSection(NestedProjects) = preSolution
		{901DA050-059D-4F50-98EC-90690FB8DF2B} = {86E90A93-A315-40B3-9DAB-0867689DAD66}
		{6F5744F0-2880-4A7E-9893-BCEF82F2B8EA} = {BC52995E-7B30-46F8-9C15-9450F770E0A5}
	EndGlobalSection
	GlobalSection(ExtensibilityGlobals) = postSolution
		SolutionGuid = {36674AA2-14C5-45C7-BBEA-071533FE9D12}
	EndGlobalSection
EndGlobal
